
Microsoft Visual Studio Solution File, Format Version 12.00
# Visual Studio 15
VisualStudioVersion = 15.0.26124.0
MinimumVisualStudioVersion = 15.0.26124.0
Project("{FAE04EC0-301F-11D3-BF4B-00C04F79EFBC}") = "MainApp", "MainApp\MainApp.csproj", "{2ED8B4C9-4501-45BB-ADC6-FB37F4B26CBC}"
EndProject
Project("{FAE04EC0-301F-11D3-BF4B-00C04F79EFBC}") = "Common", "Common\Common.csproj", "{86041D35-681E-4A6F-9C06-647D6406D660}"
EndProject
Global
	GlobalSection(SolutionConfigurationPlatforms) = preSolution
		Debug|Any CPU = Debug|Any CPU
		Debug|x64 = Debug|x64
		Debug|x86 = Debug|x86
		Release|Any CPU = Release|Any CPU
		Release|x64 = Release|x64
		Release|x86 = Release|x86
	EndGlobalSection
	GlobalSection(SolutionProperties) = preSolution
		HideSolutionNode = FALSE
	EndGlobalSection
	GlobalSection(ProjectConfigurationPlatforms) = postSolution
		{2ED8B4C9-4501-45BB-ADC6-FB37F4B26CBC}.Debug|Any CPU.ActiveCfg = Debug|Any CPU
		{2ED8B4C9-4501-45BB-ADC6-FB37F4B26CBC}.Debug|Any CPU.Build.0 = Debug|Any CPU
		{2ED8B4C9-4501-45BB-ADC6-FB37F4B26CBC}.Debug|x64.ActiveCfg = Debug|Any CPU
		{2ED8B4C9-4501-45BB-ADC6-FB37F4B26CBC}.Debug|x64.Build.0 = Debug|Any CPU
		{2ED8B4C9-4501-45BB-ADC6-FB37F4B26CBC}.Debug|x86.ActiveCfg = Debug|Any CPU
		{2ED8B4C9-4501-45BB-ADC6-FB37F4B26CBC}.Debug|x86.Build.0 = Debug|Any CPU
		{2ED8B4C9-4501-45BB-ADC6-FB37F4B26CBC}.Release|Any CPU.ActiveCfg = Release|Any CPU
		{2ED8B4C9-4501-45BB-ADC6-FB37F4B26CBC}.Release|Any CPU.Build.0 = Release|Any CPU
		{2ED8B4C9-4501-45BB-ADC6-FB37F4B26CBC}.Release|x64.ActiveCfg = Release|Any CPU
		{2ED8B4C9-4501-45BB-ADC6-FB37F4B26CBC}.Release|x64.Build.0 = Release|Any CPU
		{2ED8B4C9-4501-45BB-ADC6-FB37F4B26CBC}.Release|x86.ActiveCfg = Release|Any CPU
		{2ED8B4C9-4501-45BB-ADC6-FB37F4B26CBC}.Release|x86.Build.0 = Release|Any CPU
		{86041D35-681E-4A6F-9C06-647D6406D660}.Debug|Any CPU.ActiveCfg = Debug|Any CPU
		{86041D35-681E-4A6F-9C06-647D6406D660}.Debug|Any CPU.Build.0 = Debug|Any CPU
		{86041D35-681E-4A6F-9C06-647D6406D660}.Debug|x64.ActiveCfg = Debug|Any CPU
		{86041D35-681E-4A6F-9C06-647D6406D660}.Debug|x64.Build.0 = Debug|Any CPU
		{86041D35-681E-4A6F-9C06-647D6406D660}.Debug|x86.ActiveCfg = Debug|Any CPU
		{86041D35-681E-4A6F-9C06-647D6406D660}.Debug|x86.Build.0 = Debug|Any CPU
		{86041D35-681E-4A6F-9C06-647D6406D660}.Release|Any CPU.ActiveCfg = Release|Any CPU
		{86041D35-681E-4A6F-9C06-647D6406D660}.Release|Any CPU.Build.0 = Release|Any CPU
		{86041D35-681E-4A6F-9C06-647D6406D660}.Release|x64.ActiveCfg = Release|Any CPU
		{86041D35-681E-4A6F-9C06-647D6406D660}.Release|x64.Build.0 = Release|Any CPU
		{86041D35-681E-4A6F-9C06-647D6406D660}.Release|x86.ActiveCfg = Release|Any CPU
		{86041D35-681E-4A6F-9C06-647D6406D660}.Release|x86.Build.0 = Release|Any CPU
	EndGlobalSection
EndGlobal
